<?xml version="1.0" encoding="utf-8"?>
<Project ToolsVersion="4.0" xmlns="http://schemas.microsoft.com/developer/msbuild/2003">
  <ItemGroup>
    <Filter Include="Source Files">
      <UniqueIdentifier>{4FC737F1-C7A5-4376-A066-2A32D752A2FF}</UniqueIdentifier>
      <Extensions>cpp;c;cc;cxx;def;odl;idl;hpj;bat;asm;asmx</Extensions>
    </Filter>
    <Filter Include="Header Files">
      <UniqueIdentifier>{93995380-89BD-4b04-88EB-625FBE52EBFB}</UniqueIdentifier>
      <Extensions>h;hh;hpp;hxx;hm;inl;inc;xsd</Extensions>
    </Filter>
    <Filter Include="Resource Files">
      <UniqueIdentifier>{67DA6AB6-F800-4c08-8B7A-83BB121AAD01}</UniqueIdentifier>
      <Extensions>rc;ico;cur;bmp;dlg;rc2;rct;bin;rgs;gif;jpg;jpeg;jpe;resx;tiff;tif;png;wav;mfcribbon-ms</Extensions>
    </Filter>
    <Filter Include="Shader Files">
      <UniqueIdentifier>{f2def9f8-d228-40ea-9cc9-876d77bc9d97}</UniqueIdentifier>
    </Filter>
    <Filter Include="Shader Files\Binary Op">
      <UniqueIdentifier>{436b6032-c2ed-475c-9a73-034c8c21e4de}</UniqueIdentifier>
    </Filter>
    <Filter Include="Shader Files\Unary Op">
      <UniqueIdentifier>{85e8c05c-ef07-44c9-ab78-602a1a242836}</UniqueIdentifier>
    </Filter>
    <Filter Include="Shader Files\Activation">
      <UniqueIdentifier>{092f99ca-c80c-471e-870d-191920164c65}</UniqueIdentifier>
    </Filter>
  </ItemGroup>
  <ItemGroup>
    <ClInclude Include="..\halaml\activation.h">
      <Filter>Header Files</Filter>
    </ClInclude>
    <ClInclude Include="..\halaml\buffer.h">
      <Filter>Header Files</Filter>
    </ClInclude>
    <ClInclude Include="..\halaml\common.h">
      <Filter>Header Files</Filter>
    </ClInclude>
    <ClInclude Include="..\halaml\context.h">
      <Filter>Header Files</Filter>
    </ClInclude>
    <ClInclude Include="..\halaml\layer.h">
      <Filter>Header Files</Filter>
    </ClInclude>
    <ClInclude Include="..\halaml\madml.h">
      <Filter>Header Files</Filter>
    </ClInclude>
    <ClInclude Include="..\halaml\matmul.h">
      <Filter>Header Files</Filter>
    </ClInclude>
    <ClInclude Include="..\halaml\nn_layers.h">
      <Filter>Header Files</Filter>
    </ClInclude>
    <ClInclude Include="..\halaml\spv_shader.h">
      <Filter>Header Files</Filter>
    </ClInclude>
    <ClInclude Include="..\halaml\tensor.h">
      <Filter>Header Files</Filter>
    </ClInclude>
    <ClInclude Include="..\halaml\transform.h">
      <Filter>Header Files</Filter>
    </ClInclude>
    <ClInclude Include="..\halaml\utils.h">
      <Filter>Header Files</Filter>
    </ClInclude>
    <ClInclude Include="math.h">
      <Filter>Header Files</Filter>
    </ClInclude>
  </ItemGroup>
  <ItemGroup>
    <ClCompile Include="activation.cpp">
      <Filter>Source Files</Filter>
    </ClCompile>
    <ClCompile Include="buffer.cpp">
      <Filter>Source Files</Filter>
    </ClCompile>
    <ClCompile Include="context.cpp">
      <Filter>Source Files</Filter>
    </ClCompile>
    <ClCompile Include="halaml.cpp">
      <Filter>Source Files</Filter>
    </ClCompile>
    <ClCompile Include="layer.cpp">
      <Filter>Source Files</Filter>
    </ClCompile>
    <ClCompile Include="matmul.cpp">
      <Filter>Source Files</Filter>
    </ClCompile>
    <ClCompile Include="nn_layers.cpp">
      <Filter>Source Files</Filter>
    </ClCompile>
    <ClCompile Include="spv_shader.cpp">
      <Filter>Source Files</Filter>
    </ClCompile>
    <ClCompile Include="tensor.cpp">
      <Filter>Source Files</Filter>
    </ClCompile>
    <ClCompile Include="transform.cpp">
      <Filter>Source Files</Filter>
    </ClCompile>
    <ClCompile Include="utils.cpp">
      <Filter>Source Files</Filter>
    </ClCompile>
    <ClCompile Include="math.cpp">
      <Filter>Source Files</Filter>
    </ClCompile>
  </ItemGroup>
  <ItemGroup>
    <None Include="shaders\col2im.comp">
      <Filter>Shader Files</Filter>
    </None>
    <None Include="shaders\gemm.comp">
      <Filter>Shader Files</Filter>
    </None>
    <None Include="shaders\im2col.comp">
      <Filter>Shader Files</Filter>
    </None>
    <None Include="shaders\activation\celu.comp">
      <Filter>Shader Files\Activation</Filter>
    </None>
    <None Include="shaders\activation\elu.comp">
      <Filter>Shader Files\Activation</Filter>
    </None>
    <None Include="shaders\activation\hardshrink.comp">
      <Filter>Shader Files\Activation</Filter>
    </None>
    <None Include="shaders\activation\hardtanh.comp">
      <Filter>Shader Files\Activation</Filter>
    </None>
    <None Include="shaders\activation\leakyrelu.comp">
      <Filter>Shader Files\Activation</Filter>
    </None>
    <None Include="shaders\activation\logsigmoid.comp">
      <Filter>Shader Files\Activation</Filter>
    </None>
    <None Include="shaders\activation\prelu.comp">
      <Filter>Shader Files\Activation</Filter>
    </None>
    <None Include="shaders\activation\relu.comp">
      <Filter>Shader Files\Activation</Filter>
    </None>
    <None Include="shaders\activation\relu6.comp">
      <Filter>Shader Files\Activation</Filter>
    </None>
    <None Include="shaders\activation\selu.comp">
      <Filter>Shader Files\Activation</Filter>
    </None>
    <None Include="shaders\activation\sigmoid.comp">
      <Filter>Shader Files\Activation</Filter>
    </None>
    <None Include="shaders\activation\softplus.comp">
      <Filter>Shader Files\Activation</Filter>
    </None>
    <None Include="shaders\activation\softshrink.comp">
      <Filter>Shader Files\Activation</Filter>
    </None>
    <None Include="shaders\activation\softsign.comp">
      <Filter>Shader Files\Activation</Filter>
    </None>
    <None Include="shaders\activation\tanhshrink.comp">
      <Filter>Shader Files\Activation</Filter>
    </None>
    <None Include="shaders\binary_operators\add.comp">
      <Filter>Shader Files\Binary Op</Filter>
    </None>
    <None Include="shaders\binary_operators\div.comp">
      <Filter>Shader Files\Binary Op</Filter>
    </None>
    <None Include="shaders\binary_operators\equal.comp">
      <Filter>Shader Files\Binary Op</Filter>
    </None>
    <None Include="shaders\binary_operators\greater_eq.comp">
      <Filter>Shader Files\Binary Op</Filter>
    </None>
    <None Include="shaders\binary_operators\greater_than.comp">
      <Filter>Shader Files\Binary Op</Filter>
    </None>
    <None Include="shaders\binary_operators\less_eq.comp">
      <Filter>Shader Files\Binary Op</Filter>
    </None>
    <None Include="shaders\binary_operators\less_than.comp">
      <Filter>Shader Files\Binary Op</Filter>
    </None>
    <None Include="shaders\binary_operators\max.comp">
      <Filter>Shader Files\Binary Op</Filter>
    </None>
    <None Include="shaders\binary_operators\min.comp">
      <Filter>Shader Files\Binary Op</Filter>
    </None>
    <None Include="shaders\binary_operators\mod.comp">
      <Filter>Shader Files\Binary Op</Filter>
    </None>
    <None Include="shaders\binary_operators\mul.comp">
      <Filter>Shader Files\Binary Op</Filter>
    </None>
    <None Include="shaders\binary_operators\nequal.comp">
      <Filter>Shader Files\Binary Op</Filter>
    </None>
    <None Include="shaders\binary_operators\pow.comp">
      <Filter>Shader Files\Binary Op</Filter>
    </None>
    <None Include="shaders\binary_operators\sub.comp">
      <Filter>Shader Files\Binary Op</Filter>
    </None>
    <None Include="shaders\binary_operators\xor.comp">
      <Filter>Shader Files\Binary Op</Filter>
    </None>
    <None Include="shaders\unary_operators\abs.comp">
      <Filter>Shader Files\Unary Op</Filter>
    </None>
    <None Include="shaders\unary_operators\acos.comp">
      <Filter>Shader Files\Unary Op</Filter>
    </None>
    <None Include="shaders\unary_operators\acosh.comp">
      <Filter>Shader Files\Unary Op</Filter>
    </None>
    <None Include="shaders\unary_operators\asin.comp">
      <Filter>Shader Files\Unary Op</Filter>
    </None>
    <None Include="shaders\unary_operators\asinh.comp">
      <Filter>Shader Files\Unary Op</Filter>
    </None>
    <None Include="shaders\unary_operators\atan.comp">
      <Filter>Shader Files\Unary Op</Filter>
    </None>
    <None Include="shaders\unary_operators\atanh.comp">
      <Filter>Shader Files\Unary Op</Filter>
    </None>
    <None Include="shaders\unary_operators\ceil.comp">
      <Filter>Shader Files\Unary Op</Filter>
    </None>
    <None Include="shaders\unary_operators\clip.comp">
      <Filter>Shader Files\Unary Op</Filter>
    </None>
    <None Include="shaders\unary_operators\cos.comp">
      <Filter>Shader Files\Unary Op</Filter>
    </None>
    <None Include="shaders\unary_operators\cosh.comp">
      <Filter>Shader Files\Unary Op</Filter>
    </None>
    <None Include="shaders\unary_operators\exp.comp">
      <Filter>Shader Files\Unary Op</Filter>
    </None>
    <None Include="shaders\unary_operators\floor.comp">
      <Filter>Shader Files\Unary Op</Filter>
    </None>
    <None Include="shaders\unary_operators\log.comp">
      <Filter>Shader Files\Unary Op</Filter>
    </None>
    <None Include="shaders\unary_operators\round.comp">
      <Filter>Shader Files\Unary Op</Filter>
    </None>
    <None Include="shaders\unary_operators\sin.comp">
      <Filter>Shader Files\Unary Op</Filter>
    </None>
    <None Include="shaders\unary_operators\sinh.comp">
      <Filter>Shader Files\Unary Op</Filter>
    </None>
    <None Include="shaders\unary_operators\sqrt.comp">
      <Filter>Shader Files\Unary Op</Filter>
    </None>
    <None Include="shaders\unary_operators\tan.comp">
      <Filter>Shader Files\Unary Op</Filter>
    </None>
    <None Include="shaders\unary_operators\tanh.comp">
      <Filter>Shader Files\Unary Op</Filter>
    </None>
  </ItemGroup>
</Project>