<?xml version="1.0" encoding="utf-8"?>
<Project ToolsVersion="4.0" xmlns="http://schemas.microsoft.com/developer/msbuild/2003">
  <ItemGroup>
    <Filter Include="Source Files">
      <UniqueIdentifier>{4FC737F1-C7A5-4376-A066-2A32D752A2FF}</UniqueIdentifier>
      <Extensions>cpp;c;cc;cxx;def;odl;idl;hpj;bat;asm;asmx</Extensions>
    </Filter>
    <Filter Include="Header Files">
      <UniqueIdentifier>{93995380-89BD-4b04-88EB-625FBE52EBFB}</UniqueIdentifier>
      <Extensions>h;hh;hpp;hxx;hm;inl;inc;ipp;xsd</Extensions>
    </Filter>
    <Filter Include="Resource Files">
      <UniqueIdentifier>{67DA6AB6-F800-4c08-8B7A-83BB121AAD01}</UniqueIdentifier>
      <Extensions>rc;ico;cur;bmp;dlg;rc2;rct;bin;rgs;gif;jpg;jpeg;jpe;resx;tiff;tif;png;wav;mfcribbon-ms</Extensions>
    </Filter>
    <Filter Include="Shader Files">
      <UniqueIdentifier>{3ca6eb6f-357d-4e0d-b289-93a6d8c8616e}</UniqueIdentifier>
    </Filter>
  </ItemGroup>
  <ItemGroup>
    <ClCompile Include="buffer.cpp">
      <Filter>Source Files</Filter>
    </ClCompile>
    <ClCompile Include="context.cpp">
      <Filter>Source Files</Filter>
    </ClCompile>
    <ClCompile Include="layer.cpp">
      <Filter>Source Files</Filter>
    </ClCompile>
    <ClCompile Include="matmul.cpp">
      <Filter>Source Files</Filter>
    </ClCompile>
    <ClCompile Include="operators.cpp">
      <Filter>Source Files</Filter>
    </ClCompile>
    <ClCompile Include="spv_shader.cpp">
      <Filter>Source Files</Filter>
    </ClCompile>
    <ClCompile Include="tensor.cpp">
      <Filter>Source Files</Filter>
    </ClCompile>
    <ClCompile Include="utils.cpp">
      <Filter>Source Files</Filter>
    </ClCompile>
    <ClCompile Include="nn_layers.cpp">
      <Filter>Source Files</Filter>
    </ClCompile>
    <ClCompile Include="activation.cpp">
      <Filter>Source Files</Filter>
    </ClCompile>
    <ClCompile Include="transform.cpp">
      <Filter>Source Files</Filter>
    </ClCompile>
  </ItemGroup>
  <ItemGroup>
    <ClInclude Include="buffer.h">
      <Filter>Header Files</Filter>
    </ClInclude>
    <ClInclude Include="common.h">
      <Filter>Header Files</Filter>
    </ClInclude>
    <ClInclude Include="context.h">
      <Filter>Header Files</Filter>
    </ClInclude>
    <ClInclude Include="layer.h">
      <Filter>Header Files</Filter>
    </ClInclude>
    <ClInclude Include="matmul.h">
      <Filter>Header Files</Filter>
    </ClInclude>
    <ClInclude Include="operators.h">
      <Filter>Header Files</Filter>
    </ClInclude>
    <ClInclude Include="spv_shader.h">
      <Filter>Header Files</Filter>
    </ClInclude>
    <ClInclude Include="tensor.h">
      <Filter>Header Files</Filter>
    </ClInclude>
    <ClInclude Include="utils.h">
      <Filter>Header Files</Filter>
    </ClInclude>
    <ClInclude Include="madml.h">
      <Filter>Header Files</Filter>
    </ClInclude>
    <ClInclude Include="nn_layers.h">
      <Filter>Header Files</Filter>
    </ClInclude>
    <ClInclude Include="activation.h">
      <Filter>Header Files</Filter>
    </ClInclude>
    <ClInclude Include="transform.h">
      <Filter>Header Files</Filter>
    </ClInclude>
  </ItemGroup>
  <ItemGroup>
    <None Include="shaders\abs.comp">
      <Filter>Shader Files</Filter>
    </None>
    <None Include="shaders\acos.comp">
      <Filter>Shader Files</Filter>
    </None>
    <None Include="shaders\acosh.comp">
      <Filter>Shader Files</Filter>
    </None>
    <None Include="shaders\add.comp">
      <Filter>Shader Files</Filter>
    </None>
    <None Include="shaders\asin.comp">
      <Filter>Shader Files</Filter>
    </None>
    <None Include="shaders\asinh.comp">
      <Filter>Shader Files</Filter>
    </None>
    <None Include="shaders\atan.comp">
      <Filter>Shader Files</Filter>
    </None>
    <None Include="shaders\atanh.comp">
      <Filter>Shader Files</Filter>
    </None>
    <None Include="shaders\ceil.comp">
      <Filter>Shader Files</Filter>
    </None>
    <None Include="shaders\clip.comp">
      <Filter>Shader Files</Filter>
    </None>
    <None Include="shaders\conv.comp">
      <Filter>Shader Files</Filter>
    </None>
    <None Include="shaders\cos.comp">
      <Filter>Shader Files</Filter>
    </None>
    <None Include="shaders\cosh.comp">
      <Filter>Shader Files</Filter>
    </None>
    <None Include="shaders\div.comp">
      <Filter>Shader Files</Filter>
    </None>
    <None Include="shaders\equal.comp">
      <Filter>Shader Files</Filter>
    </None>
    <None Include="shaders\exp.comp">
      <Filter>Shader Files</Filter>
    </None>
    <None Include="shaders\floor.comp">
      <Filter>Shader Files</Filter>
    </None>
    <None Include="shaders\gemm.comp">
      <Filter>Shader Files</Filter>
    </None>
    <None Include="shaders\greater_eq.comp">
      <Filter>Shader Files</Filter>
    </None>
    <None Include="shaders\greater_than.comp">
      <Filter>Shader Files</Filter>
    </None>
    <None Include="shaders\im2col.comp">
      <Filter>Shader Files</Filter>
    </None>
    <None Include="shaders\less_eq.comp">
      <Filter>Shader Files</Filter>
    </None>
    <None Include="shaders\less_than.comp">
      <Filter>Shader Files</Filter>
    </None>
    <None Include="shaders\log.comp">
      <Filter>Shader Files</Filter>
    </None>
    <None Include="shaders\max.comp">
      <Filter>Shader Files</Filter>
    </None>
    <None Include="shaders\min.comp">
      <Filter>Shader Files</Filter>
    </None>
    <None Include="shaders\mod.comp">
      <Filter>Shader Files</Filter>
    </None>
    <None Include="shaders\mul.comp">
      <Filter>Shader Files</Filter>
    </None>
    <None Include="shaders\nequal.comp">
      <Filter>Shader Files</Filter>
    </None>
    <None Include="shaders\pow.comp">
      <Filter>Shader Files</Filter>
    </None>
    <None Include="shaders\round.comp">
      <Filter>Shader Files</Filter>
    </None>
    <None Include="shaders\sin.comp">
      <Filter>Shader Files</Filter>
    </None>
    <None Include="shaders\sinh.comp">
      <Filter>Shader Files</Filter>
    </None>
    <None Include="shaders\sqrt.comp">
      <Filter>Shader Files</Filter>
    </None>
    <None Include="shaders\sub.comp">
      <Filter>Shader Files</Filter>
    </None>
    <None Include="shaders\tan.comp">
      <Filter>Shader Files</Filter>
    </None>
    <None Include="shaders\tanh.comp">
      <Filter>Shader Files</Filter>
    </None>
    <None Include="shaders\xor.comp">
      <Filter>Shader Files</Filter>
    </None>
  </ItemGroup>
</Project>